
Microsoft Visual Studio Solution File, Format Version 12.00
# Visual Studio Version 16
VisualStudioVersion = 16.0.28721.148
MinimumVisualStudioVersion = 10.0.40219.1
Project("{8BC9CEB8-8B4A-11D0-8D11-00A0C91BC942}") = "libiconv-static", "libiconv-static\libiconv-static.vcxproj", "{46CAFE4A-B5BD-4422-ACC6-117D4AD041E2}"
EndProject
Project("{8BC9CEB8-8B4A-11D0-8D11-00A0C91BC942}") = "iconv", "iconv-static\iconv-static.vcxproj", "{0F27FE31-A7DB-4CB2-9682-0B7869B47DED}"
	ProjectSection(ProjectDependencies) = postProject
		{46CAFE4A-B5BD-4422-ACC6-117D4AD041E2} = {46CAFE4A-B5BD-4422-ACC6-117D4AD041E2}
	EndProjectSection
EndProject
Project("{2150E333-8FDC-42A3-9474-1A3956D46DE8}") = "tests", "tests", "{0E702AAB-2F5B-480C-9032-DFD8B300BCCF}"
EndProject
Project("{8BC9CEB8-8B4A-11D0-8D11-00A0C91BC942}") = "genutf8", "tests\genutf8\genutf8.vcxproj", "{2586F31B-7198-4ACE-A520-DEBA605EA950}"
	ProjectSection(ProjectDependencies) = postProject
		{2D7BAD64-83CF-4F80-9F0A-8CEAC546EAD6} = {2D7BAD64-83CF-4F80-9F0A-8CEAC546EAD6}
		{F2A64E15-0313-4421-ACB3-82FBCDA936B4} = {F2A64E15-0313-4421-ACB3-82FBCDA936B4}
	EndProjectSection
EndProject
Project("{8BC9CEB8-8B4A-11D0-8D11-00A0C91BC942}") = "gengb18030z", "tests\gengb18030z\gengb18030z.vcxproj", "{1D14F393-E0B8-4756-AF30-5D598ABC4627}"
	ProjectSection(ProjectDependencies) = postProject
		{2D7BAD64-83CF-4F80-9F0A-8CEAC546EAD6} = {2D7BAD64-83CF-4F80-9F0A-8CEAC546EAD6}
		{F2A64E15-0313-4421-ACB3-82FBCDA936B4} = {F2A64E15-0313-4421-ACB3-82FBCDA936B4}
	EndProjectSection
EndProject
Project("{8BC9CEB8-8B4A-11D0-8D11-00A0C91BC942}") = "table-from", "tests\table-from\table-from.vcxproj", "{6C71A57D-396C-4D34-91D1-BB821ACC4FB4}"
	ProjectSection(ProjectDependencies) = postProject
		{2D7BAD64-83CF-4F80-9F0A-8CEAC546EAD6} = {2D7BAD64-83CF-4F80-9F0A-8CEAC546EAD6}
		{F2A64E15-0313-4421-ACB3-82FBCDA936B4} = {F2A64E15-0313-4421-ACB3-82FBCDA936B4}
	EndProjectSection
EndProject
Project("{8BC9CEB8-8B4A-11D0-8D11-00A0C91BC942}") = "table-to", "tests\table-to\table-to.vcxproj", "{CE6F83E5-3689-45C4-A6B8-A29222FA9D61}"
	ProjectSection(ProjectDependencies) = postProject
		{2D7BAD64-83CF-4F80-9F0A-8CEAC546EAD6} = {2D7BAD64-83CF-4F80-9F0A-8CEAC546EAD6}
		{F2A64E15-0313-4421-ACB3-82FBCDA936B4} = {F2A64E15-0313-4421-ACB3-82FBCDA936B4}
	EndProjectSection
EndProject
Project("{8BC9CEB8-8B4A-11D0-8D11-00A0C91BC942}") = "test-shiftseq", "tests\test-shiftseq\test-shiftseq.vcxproj", "{750848EC-7EC1-4942-B704-5C818BFD78DA}"
	ProjectSection(ProjectDependencies) = postProject
		{2D7BAD64-83CF-4F80-9F0A-8CEAC546EAD6} = {2D7BAD64-83CF-4F80-9F0A-8CEAC546EAD6}
		{F2A64E15-0313-4421-ACB3-82FBCDA936B4} = {F2A64E15-0313-4421-ACB3-82FBCDA936B4}
	EndProjectSection
EndProject
Project("{8BC9CEB8-8B4A-11D0-8D11-00A0C91BC942}") = "test-to-wchar", "tests\test-to-wchar\test-to-wchar.vcxproj", "{B10B7610-435F-4B34-9CC0-4C23FEA8A8DB}"
	ProjectSection(ProjectDependencies) = postProject
		{2D7BAD64-83CF-4F80-9F0A-8CEAC546EAD6} = {2D7BAD64-83CF-4F80-9F0A-8CEAC546EAD6}
		{F2A64E15-0313-4421-ACB3-82FBCDA936B4} = {F2A64E15-0313-4421-ACB3-82FBCDA936B4}
	EndProjectSection
EndProject
Project("{8BC9CEB8-8B4A-11D0-8D11-00A0C91BC942}") = "uniq-u", "tests\uniq-u\uniq-u.vcxproj", "{22C32C52-A7D5-4DAD-86BA-D45600168126}"
	ProjectSection(ProjectDependencies) = postProject
		{2D7BAD64-83CF-4F80-9F0A-8CEAC546EAD6} = {2D7BAD64-83CF-4F80-9F0A-8CEAC546EAD6}
		{F2A64E15-0313-4421-ACB3-82FBCDA936B4} = {F2A64E15-0313-4421-ACB3-82FBCDA936B4}
	EndProjectSection
EndProject
Project("{8BC9CEB8-8B4A-11D0-8D11-00A0C91BC942}") = "iconv", "iconv\iconv.vcxproj", "{2D7BAD64-83CF-4F80-9F0A-8CEAC546EAD6}"
	ProjectSection(ProjectDependencies) = postProject
		{F2A64E15-0313-4421-ACB3-82FBCDA936B4} = {F2A64E15-0313-4421-ACB3-82FBCDA936B4}
	EndProjectSection
EndProject
Project("{8BC9CEB8-8B4A-11D0-8D11-00A0C91BC942}") = "libiconv", "libiconv\libiconv.vcxproj", "{F2A64E15-0313-4421-ACB3-82FBCDA936B4}"
EndProject
Project("{2150E333-8FDC-42A3-9474-1A3956D46DE8}") = "tests", "tests", "{865CA47C-46EB-4031-AEC7-3081D8C54205}"
EndProject
Project("{8BC9CEB8-8B4A-11D0-8D11-00A0C91BC942}") = "gengb18030z", "tests\gengb18030z-static\gengb18030z-static.vcxproj", "{B0E1AE1D-7E4B-4C94-A6CC-384E96D27A3E}"
	ProjectSection(ProjectDependencies) = postProject
		{0F27FE31-A7DB-4CB2-9682-0B7869B47DED} = {0F27FE31-A7DB-4CB2-9682-0B7869B47DED}
		{46CAFE4A-B5BD-4422-ACC6-117D4AD041E2} = {46CAFE4A-B5BD-4422-ACC6-117D4AD041E2}
	EndProjectSection
EndProject
Project("{8BC9CEB8-8B4A-11D0-8D11-00A0C91BC942}") = "genutf8", "tests\genutf8-static\genutf8-static.vcxproj", "{D9865C43-54E2-48CB-BC24-CC351DC8CF70}"
	ProjectSection(ProjectDependencies) = postProject
		{0F27FE31-A7DB-4CB2-9682-0B7869B47DED} = {0F27FE31-A7DB-4CB2-9682-0B7869B47DED}
		{46CAFE4A-B5BD-4422-ACC6-117D4AD041E2} = {46CAFE4A-B5BD-4422-ACC6-117D4AD041E2}
	EndProjectSection
EndProject
Project("{8BC9CEB8-8B4A-11D0-8D11-00A0C91BC942}") = "table-from", "tests\table-from-static\table-from-static.vcxproj", "{6AB2F85F-3B7E-445B-A2A9-3C23D949F8E0}"
	ProjectSection(ProjectDependencies) = postProject
		{0F27FE31-A7DB-4CB2-9682-0B7869B47DED} = {0F27FE31-A7DB-4CB2-9682-0B7869B47DED}
		{46CAFE4A-B5BD-4422-ACC6-117D4AD041E2} = {46CAFE4A-B5BD-4422-ACC6-117D4AD041E2}
	EndProjectSection
EndProject
Project("{8BC9CEB8-8B4A-11D0-8D11-00A0C91BC942}") = "table-to", "tests\table-to-static\table-to-static.vcxproj", "{BA8A1D08-53EE-41FB-8B79-59B8A3A1FA2D}"
	ProjectSection(ProjectDependencies) = postProject
		{0F27FE31-A7DB-4CB2-9682-0B7869B47DED} = {0F27FE31-A7DB-4CB2-9682-0B7869B47DED}
		{46CAFE4A-B5BD-4422-ACC6-117D4AD041E2} = {46CAFE4A-B5BD-4422-ACC6-117D4AD041E2}
	EndProjectSection
EndProject
Project("{8BC9CEB8-8B4A-11D0-8D11-00A0C91BC942}") = "test-shiftseq", "tests\test-shiftseq-static\test-shiftseq-static.vcxproj", "{E900C1E1-1353-4C02-B076-66D9794F8488}"
	ProjectSection(ProjectDependencies) = postProject
		{0F27FE31-A7DB-4CB2-9682-0B7869B47DED} = {0F27FE31-A7DB-4CB2-9682-0B7869B47DED}
		{46CAFE4A-B5BD-4422-ACC6-117D4AD041E2} = {46CAFE4A-B5BD-4422-ACC6-117D4AD041E2}
	EndProjectSection
EndProject
Project("{8BC9CEB8-8B4A-11D0-8D11-00A0C91BC942}") = "test-to-wchar", "tests\test-to-wchar-static\test-to-wchar-static.vcxproj", "{910AA767-B5CC-47B9-BAFB-9ADCB80937BE}"
	ProjectSection(ProjectDependencies) = postProject
		{0F27FE31-A7DB-4CB2-9682-0B7869B47DED} = {0F27FE31-A7DB-4CB2-9682-0B7869B47DED}
		{46CAFE4A-B5BD-4422-ACC6-117D4AD041E2} = {46CAFE4A-B5BD-4422-ACC6-117D4AD041E2}
	EndProjectSection
EndProject
Project("{8BC9CEB8-8B4A-11D0-8D11-00A0C91BC942}") = "uniq-u", "tests\uniq-u-static\uniq-u-static.vcxproj", "{203E6E8E-1082-45BA-A6A0-92D20AFB0C6E}"
	ProjectSection(ProjectDependencies) = postProject
		{0F27FE31-A7DB-4CB2-9682-0B7869B47DED} = {0F27FE31-A7DB-4CB2-9682-0B7869B47DED}
		{46CAFE4A-B5BD-4422-ACC6-117D4AD041E2} = {46CAFE4A-B5BD-4422-ACC6-117D4AD041E2}
	EndProjectSection
EndProject
Project("{2150E333-8FDC-42A3-9474-1A3956D46DE8}") = "static", "static", "{9F51CC76-112E-493A-904C-27B861B01DF2}"
EndProject
Project("{2150E333-8FDC-42A3-9474-1A3956D46DE8}") = "dll", "dll", "{3378FF8A-CB60-47B8-B39C-17C546061DA2}"
EndProject
Project("{8BC9CEB8-8B4A-11D0-8D11-00A0C91BC942}") = "is-native", "tests\is-native-static\is-native-static.vcxproj", "{8C27F0EE-A7CB-4970-9EFD-1001F9748F1B}"
	ProjectSection(ProjectDependencies) = postProject
		{0F27FE31-A7DB-4CB2-9682-0B7869B47DED} = {0F27FE31-A7DB-4CB2-9682-0B7869B47DED}
		{46CAFE4A-B5BD-4422-ACC6-117D4AD041E2} = {46CAFE4A-B5BD-4422-ACC6-117D4AD041E2}
	EndProjectSection
EndProject
Project("{8BC9CEB8-8B4A-11D0-8D11-00A0C91BC942}") = "is-native", "tests\is-native\is-native.vcxproj", "{F2D66145-F020-4067-9900-F0DA526A88FC}"
	ProjectSection(ProjectDependencies) = postProject
		{2D7BAD64-83CF-4F80-9F0A-8CEAC546EAD6} = {2D7BAD64-83CF-4F80-9F0A-8CEAC546EAD6}
		{F2A64E15-0313-4421-ACB3-82FBCDA936B4} = {F2A64E15-0313-4421-ACB3-82FBCDA936B4}
	EndProjectSection
EndProject
Global
	GlobalSection(SolutionConfigurationPlatforms) = preSolution
		Debug|ARM = Debug|ARM
		Release|ARM = Release|ARM
	EndGlobalSection
	GlobalSection(ProjectConfigurationPlatforms) = postSolution
		{46CAFE4A-B5BD-4422-ACC6-117D4AD041E2}.Debug|ARM.ActiveCfg = Debug|ARM
		{46CAFE4A-B5BD-4422-ACC6-117D4AD041E2}.Debug|ARM.Build.0 = Debug|ARM
		{46CAFE4A-B5BD-4422-ACC6-117D4AD041E2}.Release|ARM.ActiveCfg = Release|ARM
		{46CAFE4A-B5BD-4422-ACC6-117D4AD041E2}.Release|ARM.Build.0 = Release|ARM
		{0F27FE31-A7DB-4CB2-9682-0B7869B47DED}.Debug|ARM.ActiveCfg = Debug|ARM
		{0F27FE31-A7DB-4CB2-9682-0B7869B47DED}.Debug|ARM.Build.0 = Debug|ARM
		{0F27FE31-A7DB-4CB2-9682-0B7869B47DED}.Release|ARM.ActiveCfg = Release|ARM
		{0F27FE31-A7DB-4CB2-9682-0B7869B47DED}.Release|ARM.Build.0 = Release|ARM
		{2586F31B-7198-4ACE-A520-DEBA605EA950}.Debug|ARM.ActiveCfg = Debug|ARM
		{2586F31B-7198-4ACE-A520-DEBA605EA950}.Debug|ARM.Build.0 = Debug|ARM
		{2586F31B-7198-4ACE-A520-DEBA605EA950}.Release|ARM.ActiveCfg = Release|ARM
		{2586F31B-7198-4ACE-A520-DEBA605EA950}.Release|ARM.Build.0 = Release|ARM
		{1D14F393-E0B8-4756-AF30-5D598ABC4627}.Debug|ARM.ActiveCfg = Debug|ARM
		{1D14F393-E0B8-4756-AF30-5D598ABC4627}.Debug|ARM.Build.0 = Debug|ARM
		{1D14F393-E0B8-4756-AF30-5D598ABC4627}.Release|ARM.ActiveCfg = Release|ARM
		{1D14F393-E0B8-4756-AF30-5D598ABC4627}.Release|ARM.Build.0 = Release|ARM
		{6C71A57D-396C-4D34-91D1-BB821ACC4FB4}.Debug|ARM.ActiveCfg = Debug|ARM
		{6C71A57D-396C-4D34-91D1-BB821ACC4FB4}.Debug|ARM.Build.0 = Debug|ARM
		{6C71A57D-396C-4D34-91D1-BB821ACC4FB4}.Release|ARM.ActiveCfg = Release|ARM
		{6C71A57D-396C-4D34-91D1-BB821ACC4FB4}.Release|ARM.Build.0 = Release|ARM
		{CE6F83E5-3689-45C4-A6B8-A29222FA9D61}.Debug|ARM.ActiveCfg = Debug|ARM
		{CE6F83E5-3689-45C4-A6B8-A29222FA9D61}.Debug|ARM.Build.0 = Debug|ARM
		{CE6F83E5-3689-45C4-A6B8-A29222FA9D61}.Release|ARM.ActiveCfg = Release|ARM
		{CE6F83E5-3689-45C4-A6B8-A29222FA9D61}.Release|ARM.Build.0 = Release|ARM
		{750848EC-7EC1-4942-B704-5C818BFD78DA}.Debug|ARM.ActiveCfg = Debug|ARM
		{750848EC-7EC1-4942-B704-5C818BFD78DA}.Debug|ARM.Build.0 = Debug|ARM
		{750848EC-7EC1-4942-B704-5C818BFD78DA}.Release|ARM.ActiveCfg = Release|ARM
		{750848EC-7EC1-4942-B704-5C818BFD78DA}.Release|ARM.Build.0 = Release|ARM
		{B10B7610-435F-4B34-9CC0-4C23FEA8A8DB}.Debug|ARM.ActiveCfg = Debug|ARM
		{B10B7610-435F-4B34-9CC0-4C23FEA8A8DB}.Debug|ARM.Build.0 = Debug|ARM
		{B10B7610-435F-4B34-9CC0-4C23FEA8A8DB}.Release|ARM.ActiveCfg = Release|ARM
		{B10B7610-435F-4B34-9CC0-4C23FEA8A8DB}.Release|ARM.Build.0 = Release|ARM
		{22C32C52-A7D5-4DAD-86BA-D45600168126}.Debug|ARM.ActiveCfg = Debug|ARM
		{22C32C52-A7D5-4DAD-86BA-D45600168126}.Debug|ARM.Build.0 = Debug|ARM
		{22C32C52-A7D5-4DAD-86BA-D45600168126}.Release|ARM.ActiveCfg = Release|ARM
		{22C32C52-A7D5-4DAD-86BA-D45600168126}.Release|ARM.Build.0 = Release|ARM
		{2D7BAD64-83CF-4F80-9F0A-8CEAC546EAD6}.Debug|ARM.ActiveCfg = Debug|ARM
		{2D7BAD64-83CF-4F80-9F0A-8CEAC546EAD6}.Debug|ARM.Build.0 = Debug|ARM
		{2D7BAD64-83CF-4F80-9F0A-8CEAC546EAD6}.Release|ARM.ActiveCfg = Release|ARM
		{2D7BAD64-83CF-4F80-9F0A-8CEAC546EAD6}.Release|ARM.Build.0 = Release|ARM
		{F2A64E15-0313-4421-ACB3-82FBCDA936B4}.Debug|ARM.ActiveCfg = Debug|ARM
		{F2A64E15-0313-4421-ACB3-82FBCDA936B4}.Debug|ARM.Build.0 = Debug|ARM
		{F2A64E15-0313-4421-ACB3-82FBCDA936B4}.Release|ARM.ActiveCfg = Release|ARM
		{F2A64E15-0313-4421-ACB3-82FBCDA936B4}.Release|ARM.Build.0 = Release|ARM
		{B0E1AE1D-7E4B-4C94-A6CC-384E96D27A3E}.Debug|ARM.ActiveCfg = Debug|ARM
		{B0E1AE1D-7E4B-4C94-A6CC-384E96D27A3E}.Debug|ARM.Build.0 = Debug|ARM
		{B0E1AE1D-7E4B-4C94-A6CC-384E96D27A3E}.Release|ARM.ActiveCfg = Release|ARM
		{B0E1AE1D-7E4B-4C94-A6CC-384E96D27A3E}.Release|ARM.Build.0 = Release|ARM
		{D9865C43-54E2-48CB-BC24-CC351DC8CF70}.Debug|ARM.ActiveCfg = Debug|ARM
		{D9865C43-54E2-48CB-BC24-CC351DC8CF70}.Debug|ARM.Build.0 = Debug|ARM
		{D9865C43-54E2-48CB-BC24-CC351DC8CF70}.Release|ARM.ActiveCfg = Release|ARM
		{D9865C43-54E2-48CB-BC24-CC351DC8CF70}.Release|ARM.Build.0 = Release|ARM
		{6AB2F85F-3B7E-445B-A2A9-3C23D949F8E0}.Debug|ARM.ActiveCfg = Debug|ARM
		{6AB2F85F-3B7E-445B-A2A9-3C23D949F8E0}.Debug|ARM.Build.0 = Debug|ARM
		{6AB2F85F-3B7E-445B-A2A9-3C23D949F8E0}.Release|ARM.ActiveCfg = Release|ARM
		{6AB2F85F-3B7E-445B-A2A9-3C23D949F8E0}.Release|ARM.Build.0 = Release|ARM
		{BA8A1D08-53EE-41FB-8B79-59B8A3A1FA2D}.Debug|ARM.ActiveCfg = Debug|ARM
		{BA8A1D08-53EE-41FB-8B79-59B8A3A1FA2D}.Debug|ARM.Build.0 = Debug|ARM
		{BA8A1D08-53EE-41FB-8B79-59B8A3A1FA2D}.Release|ARM.ActiveCfg = Release|ARM
		{BA8A1D08-53EE-41FB-8B79-59B8A3A1FA2D}.Release|ARM.Build.0 = Release|ARM
		{E900C1E1-1353-4C02-B076-66D9794F8488}.Debug|ARM.ActiveCfg = Debug|ARM
		{E900C1E1-1353-4C02-B076-66D9794F8488}.Debug|ARM.Build.0 = Debug|ARM
		{E900C1E1-1353-4C02-B076-66D9794F8488}.Release|ARM.ActiveCfg = Release|ARM
		{E900C1E1-1353-4C02-B076-66D9794F8488}.Release|ARM.Build.0 = Release|ARM
		{910AA767-B5CC-47B9-BAFB-9ADCB80937BE}.Debug|ARM.ActiveCfg = Debug|ARM
		{910AA767-B5CC-47B9-BAFB-9ADCB80937BE}.Debug|ARM.Build.0 = Debug|ARM
		{910AA767-B5CC-47B9-BAFB-9ADCB80937BE}.Release|ARM.ActiveCfg = Release|ARM
		{910AA767-B5CC-47B9-BAFB-9ADCB80937BE}.Release|ARM.Build.0 = Release|ARM
		{203E6E8E-1082-45BA-A6A0-92D20AFB0C6E}.Debug|ARM.ActiveCfg = Debug|ARM
		{203E6E8E-1082-45BA-A6A0-92D20AFB0C6E}.Debug|ARM.Build.0 = Debug|ARM
		{203E6E8E-1082-45BA-A6A0-92D20AFB0C6E}.Release|ARM.ActiveCfg = Release|ARM
		{203E6E8E-1082-45BA-A6A0-92D20AFB0C6E}.Release|ARM.Build.0 = Release|ARM
		{8C27F0EE-A7CB-4970-9EFD-1001F9748F1B}.Debug|ARM.ActiveCfg = Debug|ARM
		{8C27F0EE-A7CB-4970-9EFD-1001F9748F1B}.Debug|ARM.Build.0 = Debug|ARM
		{8C27F0EE-A7CB-4970-9EFD-1001F9748F1B}.Release|ARM.ActiveCfg = Release|ARM
		{8C27F0EE-A7CB-4970-9EFD-1001F9748F1B}.Release|ARM.Build.0 = Release|ARM
		{F2D66145-F020-4067-9900-F0DA526A88FC}.Debug|ARM.ActiveCfg = Debug|ARM
		{F2D66145-F020-4067-9900-F0DA526A88FC}.Debug|ARM.Build.0 = Debug|ARM
		{F2D66145-F020-4067-9900-F0DA526A88FC}.Release|ARM.ActiveCfg = Release|ARM
		{F2D66145-F020-4067-9900-F0DA526A88FC}.Release|ARM.Build.0 = Release|ARM
	EndGlobalSection
	GlobalSection(SolutionProperties) = preSolution
		HideSolutionNode = FALSE
	EndGlobalSection
	GlobalSection(NestedProjects) = preSolution
		{46CAFE4A-B5BD-4422-ACC6-117D4AD041E2} = {9F51CC76-112E-493A-904C-27B861B01DF2}
		{0F27FE31-A7DB-4CB2-9682-0B7869B47DED} = {9F51CC76-112E-493A-904C-27B861B01DF2}
		{0E702AAB-2F5B-480C-9032-DFD8B300BCCF} = {3378FF8A-CB60-47B8-B39C-17C546061DA2}
		{2586F31B-7198-4ACE-A520-DEBA605EA950} = {0E702AAB-2F5B-480C-9032-DFD8B300BCCF}
		{1D14F393-E0B8-4756-AF30-5D598ABC4627} = {0E702AAB-2F5B-480C-9032-DFD8B300BCCF}
		{6C71A57D-396C-4D34-91D1-BB821ACC4FB4} = {0E702AAB-2F5B-480C-9032-DFD8B300BCCF}
		{CE6F83E5-3689-45C4-A6B8-A29222FA9D61} = {0E702AAB-2F5B-480C-9032-DFD8B300BCCF}
		{750848EC-7EC1-4942-B704-5C818BFD78DA} = {0E702AAB-2F5B-480C-9032-DFD8B300BCCF}
		{B10B7610-435F-4B34-9CC0-4C23FEA8A8DB} = {0E702AAB-2F5B-480C-9032-DFD8B300BCCF}
		{22C32C52-A7D5-4DAD-86BA-D45600168126} = {0E702AAB-2F5B-480C-9032-DFD8B300BCCF}
		{2D7BAD64-83CF-4F80-9F0A-8CEAC546EAD6} = {3378FF8A-CB60-47B8-B39C-17C546061DA2}
		{F2A64E15-0313-4421-ACB3-82FBCDA936B4} = {3378FF8A-CB60-47B8-B39C-17C546061DA2}
		{865CA47C-46EB-4031-AEC7-3081D8C54205} = {9F51CC76-112E-493A-904C-27B861B01DF2}
		{B0E1AE1D-7E4B-4C94-A6CC-384E96D27A3E} = {865CA47C-46EB-4031-AEC7-3081D8C54205}
		{D9865C43-54E2-48CB-BC24-CC351DC8CF70} = {865CA47C-46EB-4031-AEC7-3081D8C54205}
		{6AB2F85F-3B7E-445B-A2A9-3C23D949F8E0} = {865CA47C-46EB-4031-AEC7-3081D8C54205}
		{BA8A1D08-53EE-41FB-8B79-59B8A3A1FA2D} = {865CA47C-46EB-4031-AEC7-3081D8C54205}
		{E900C1E1-1353-4C02-B076-66D9794F8488} = {865CA47C-46EB-4031-AEC7-3081D8C54205}
		{910AA767-B5CC-47B9-BAFB-9ADCB80937BE} = {865CA47C-46EB-4031-AEC7-3081D8C54205}
		{203E6E8E-1082-45BA-A6A0-92D20AFB0C6E} = {865CA47C-46EB-4031-AEC7-3081D8C54205}
		{8C27F0EE-A7CB-4970-9EFD-1001F9748F1B} = {865CA47C-46EB-4031-AEC7-3081D8C54205}
		{F2D66145-F020-4067-9900-F0DA526A88FC} = {0E702AAB-2F5B-480C-9032-DFD8B300BCCF}
	EndGlobalSection
	GlobalSection(ExtensibilityGlobals) = postSolution
		SolutionGuid = {53412D85-73CE-4353-9F4D-EFA64C4EB473}
	EndGlobalSection
EndGlobal
