
Microsoft Visual Studio Solution File, Format Version 12.00
# Visual Studio 2013
VisualStudioVersion = 12.0.40629.0
MinimumVisualStudioVersion = 10.0.40219.1
Project("{8BC9CEB8-8B4A-11D0-8D11-00A0C91BC942}") = "libiconv-static", "libiconv-static\libiconv-static.vcxproj", "{46CAFE4A-B5BD-4422-ACC6-117D4AD041E2}"
EndProject
Project("{8BC9CEB8-8B4A-11D0-8D11-00A0C91BC942}") = "iconv-static", "iconv-static\iconv-static.vcxproj", "{0F27FE31-A7DB-4CB2-9682-0B7869B47DED}"
	ProjectSection(ProjectDependencies) = postProject
		{46CAFE4A-B5BD-4422-ACC6-117D4AD041E2} = {46CAFE4A-B5BD-4422-ACC6-117D4AD041E2}
	EndProjectSection
EndProject
Project("{2150E333-8FDC-42A3-9474-1A3956D46DE8}") = "tests", "tests", "{0E702AAB-2F5B-480C-9032-DFD8B300BCCF}"
EndProject
Project("{8BC9CEB8-8B4A-11D0-8D11-00A0C91BC942}") = "genutf8", "tests\genutf8\genutf8.vcxproj", "{2586F31B-7198-4ACE-A520-DEBA605EA950}"
	ProjectSection(ProjectDependencies) = postProject
		{0F27FE31-A7DB-4CB2-9682-0B7869B47DED} = {0F27FE31-A7DB-4CB2-9682-0B7869B47DED}
		{46CAFE4A-B5BD-4422-ACC6-117D4AD041E2} = {46CAFE4A-B5BD-4422-ACC6-117D4AD041E2}
	EndProjectSection
EndProject
Project("{8BC9CEB8-8B4A-11D0-8D11-00A0C91BC942}") = "gengb18030z", "tests\gengb18030z\gengb18030z.vcxproj", "{1D14F393-E0B8-4756-AF30-5D598ABC4627}"
	ProjectSection(ProjectDependencies) = postProject
		{0F27FE31-A7DB-4CB2-9682-0B7869B47DED} = {0F27FE31-A7DB-4CB2-9682-0B7869B47DED}
		{46CAFE4A-B5BD-4422-ACC6-117D4AD041E2} = {46CAFE4A-B5BD-4422-ACC6-117D4AD041E2}
	EndProjectSection
EndProject
Project("{8BC9CEB8-8B4A-11D0-8D11-00A0C91BC942}") = "table-from", "tests\table-from\table-from.vcxproj", "{6C71A57D-396C-4D34-91D1-BB821ACC4FB4}"
	ProjectSection(ProjectDependencies) = postProject
		{0F27FE31-A7DB-4CB2-9682-0B7869B47DED} = {0F27FE31-A7DB-4CB2-9682-0B7869B47DED}
		{46CAFE4A-B5BD-4422-ACC6-117D4AD041E2} = {46CAFE4A-B5BD-4422-ACC6-117D4AD041E2}
	EndProjectSection
EndProject
Project("{8BC9CEB8-8B4A-11D0-8D11-00A0C91BC942}") = "table-to", "tests\table-to\table-to.vcxproj", "{CE6F83E5-3689-45C4-A6B8-A29222FA9D61}"
	ProjectSection(ProjectDependencies) = postProject
		{0F27FE31-A7DB-4CB2-9682-0B7869B47DED} = {0F27FE31-A7DB-4CB2-9682-0B7869B47DED}
		{46CAFE4A-B5BD-4422-ACC6-117D4AD041E2} = {46CAFE4A-B5BD-4422-ACC6-117D4AD041E2}
	EndProjectSection
EndProject
Project("{8BC9CEB8-8B4A-11D0-8D11-00A0C91BC942}") = "test-shiftseq", "tests\test-shiftseq\test-shiftseq.vcxproj", "{750848EC-7EC1-4942-B704-5C818BFD78DA}"
	ProjectSection(ProjectDependencies) = postProject
		{0F27FE31-A7DB-4CB2-9682-0B7869B47DED} = {0F27FE31-A7DB-4CB2-9682-0B7869B47DED}
		{46CAFE4A-B5BD-4422-ACC6-117D4AD041E2} = {46CAFE4A-B5BD-4422-ACC6-117D4AD041E2}
	EndProjectSection
EndProject
Project("{8BC9CEB8-8B4A-11D0-8D11-00A0C91BC942}") = "test-to-wchar", "tests\test-to-wchar\test-to-wchar.vcxproj", "{B10B7610-435F-4B34-9CC0-4C23FEA8A8DB}"
	ProjectSection(ProjectDependencies) = postProject
		{0F27FE31-A7DB-4CB2-9682-0B7869B47DED} = {0F27FE31-A7DB-4CB2-9682-0B7869B47DED}
		{46CAFE4A-B5BD-4422-ACC6-117D4AD041E2} = {46CAFE4A-B5BD-4422-ACC6-117D4AD041E2}
	EndProjectSection
EndProject
Project("{8BC9CEB8-8B4A-11D0-8D11-00A0C91BC942}") = "uniq-u", "tests\uniq-u\uniq-u.vcxproj", "{22C32C52-A7D5-4DAD-86BA-D45600168126}"
	ProjectSection(ProjectDependencies) = postProject
		{0F27FE31-A7DB-4CB2-9682-0B7869B47DED} = {0F27FE31-A7DB-4CB2-9682-0B7869B47DED}
		{46CAFE4A-B5BD-4422-ACC6-117D4AD041E2} = {46CAFE4A-B5BD-4422-ACC6-117D4AD041E2}
	EndProjectSection
EndProject
Global
	GlobalSection(SolutionConfigurationPlatforms) = preSolution
		Debug|Win32 = Debug|Win32
		Debug|x64 = Debug|x64
		Release|Win32 = Release|Win32
		Release|x64 = Release|x64
	EndGlobalSection
	GlobalSection(ProjectConfigurationPlatforms) = postSolution
		{46CAFE4A-B5BD-4422-ACC6-117D4AD041E2}.Debug|Win32.ActiveCfg = Debug|Win32
		{46CAFE4A-B5BD-4422-ACC6-117D4AD041E2}.Debug|Win32.Build.0 = Debug|Win32
		{46CAFE4A-B5BD-4422-ACC6-117D4AD041E2}.Debug|x64.ActiveCfg = Debug|x64
		{46CAFE4A-B5BD-4422-ACC6-117D4AD041E2}.Debug|x64.Build.0 = Debug|x64
		{46CAFE4A-B5BD-4422-ACC6-117D4AD041E2}.Release|Win32.ActiveCfg = Release|Win32
		{46CAFE4A-B5BD-4422-ACC6-117D4AD041E2}.Release|Win32.Build.0 = Release|Win32
		{46CAFE4A-B5BD-4422-ACC6-117D4AD041E2}.Release|x64.ActiveCfg = Release|x64
		{46CAFE4A-B5BD-4422-ACC6-117D4AD041E2}.Release|x64.Build.0 = Release|x64
		{0F27FE31-A7DB-4CB2-9682-0B7869B47DED}.Debug|Win32.ActiveCfg = Debug|Win32
		{0F27FE31-A7DB-4CB2-9682-0B7869B47DED}.Debug|Win32.Build.0 = Debug|Win32
		{0F27FE31-A7DB-4CB2-9682-0B7869B47DED}.Debug|x64.ActiveCfg = Debug|x64
		{0F27FE31-A7DB-4CB2-9682-0B7869B47DED}.Debug|x64.Build.0 = Debug|x64
		{0F27FE31-A7DB-4CB2-9682-0B7869B47DED}.Release|Win32.ActiveCfg = Release|Win32
		{0F27FE31-A7DB-4CB2-9682-0B7869B47DED}.Release|Win32.Build.0 = Release|Win32
		{0F27FE31-A7DB-4CB2-9682-0B7869B47DED}.Release|x64.ActiveCfg = Release|x64
		{0F27FE31-A7DB-4CB2-9682-0B7869B47DED}.Release|x64.Build.0 = Release|x64
		{2586F31B-7198-4ACE-A520-DEBA605EA950}.Debug|Win32.ActiveCfg = Debug|Win32
		{2586F31B-7198-4ACE-A520-DEBA605EA950}.Debug|Win32.Build.0 = Debug|Win32
		{2586F31B-7198-4ACE-A520-DEBA605EA950}.Debug|x64.ActiveCfg = Debug|x64
		{2586F31B-7198-4ACE-A520-DEBA605EA950}.Debug|x64.Build.0 = Debug|x64
		{2586F31B-7198-4ACE-A520-DEBA605EA950}.Release|Win32.ActiveCfg = Release|Win32
		{2586F31B-7198-4ACE-A520-DEBA605EA950}.Release|Win32.Build.0 = Release|Win32
		{2586F31B-7198-4ACE-A520-DEBA605EA950}.Release|x64.ActiveCfg = Release|x64
		{2586F31B-7198-4ACE-A520-DEBA605EA950}.Release|x64.Build.0 = Release|x64
		{1D14F393-E0B8-4756-AF30-5D598ABC4627}.Debug|Win32.ActiveCfg = Debug|Win32
		{1D14F393-E0B8-4756-AF30-5D598ABC4627}.Debug|Win32.Build.0 = Debug|Win32
		{1D14F393-E0B8-4756-AF30-5D598ABC4627}.Debug|x64.ActiveCfg = Debug|x64
		{1D14F393-E0B8-4756-AF30-5D598ABC4627}.Debug|x64.Build.0 = Debug|x64
		{1D14F393-E0B8-4756-AF30-5D598ABC4627}.Release|Win32.ActiveCfg = Release|Win32
		{1D14F393-E0B8-4756-AF30-5D598ABC4627}.Release|Win32.Build.0 = Release|Win32
		{1D14F393-E0B8-4756-AF30-5D598ABC4627}.Release|x64.ActiveCfg = Release|x64
		{1D14F393-E0B8-4756-AF30-5D598ABC4627}.Release|x64.Build.0 = Release|x64
		{6C71A57D-396C-4D34-91D1-BB821ACC4FB4}.Debug|Win32.ActiveCfg = Debug|Win32
		{6C71A57D-396C-4D34-91D1-BB821ACC4FB4}.Debug|Win32.Build.0 = Debug|Win32
		{6C71A57D-396C-4D34-91D1-BB821ACC4FB4}.Debug|x64.ActiveCfg = Debug|x64
		{6C71A57D-396C-4D34-91D1-BB821ACC4FB4}.Debug|x64.Build.0 = Debug|x64
		{6C71A57D-396C-4D34-91D1-BB821ACC4FB4}.Release|Win32.ActiveCfg = Release|Win32
		{6C71A57D-396C-4D34-91D1-BB821ACC4FB4}.Release|Win32.Build.0 = Release|Win32
		{6C71A57D-396C-4D34-91D1-BB821ACC4FB4}.Release|x64.ActiveCfg = Release|x64
		{6C71A57D-396C-4D34-91D1-BB821ACC4FB4}.Release|x64.Build.0 = Release|x64
		{CE6F83E5-3689-45C4-A6B8-A29222FA9D61}.Debug|Win32.ActiveCfg = Debug|Win32
		{CE6F83E5-3689-45C4-A6B8-A29222FA9D61}.Debug|Win32.Build.0 = Debug|Win32
		{CE6F83E5-3689-45C4-A6B8-A29222FA9D61}.Debug|x64.ActiveCfg = Debug|x64
		{CE6F83E5-3689-45C4-A6B8-A29222FA9D61}.Debug|x64.Build.0 = Debug|x64
		{CE6F83E5-3689-45C4-A6B8-A29222FA9D61}.Release|Win32.ActiveCfg = Release|Win32
		{CE6F83E5-3689-45C4-A6B8-A29222FA9D61}.Release|Win32.Build.0 = Release|Win32
		{CE6F83E5-3689-45C4-A6B8-A29222FA9D61}.Release|x64.ActiveCfg = Release|x64
		{CE6F83E5-3689-45C4-A6B8-A29222FA9D61}.Release|x64.Build.0 = Release|x64
		{750848EC-7EC1-4942-B704-5C818BFD78DA}.Debug|Win32.ActiveCfg = Debug|Win32
		{750848EC-7EC1-4942-B704-5C818BFD78DA}.Debug|Win32.Build.0 = Debug|Win32
		{750848EC-7EC1-4942-B704-5C818BFD78DA}.Debug|x64.ActiveCfg = Debug|x64
		{750848EC-7EC1-4942-B704-5C818BFD78DA}.Debug|x64.Build.0 = Debug|x64
		{750848EC-7EC1-4942-B704-5C818BFD78DA}.Release|Win32.ActiveCfg = Release|Win32
		{750848EC-7EC1-4942-B704-5C818BFD78DA}.Release|Win32.Build.0 = Release|Win32
		{750848EC-7EC1-4942-B704-5C818BFD78DA}.Release|x64.ActiveCfg = Release|x64
		{750848EC-7EC1-4942-B704-5C818BFD78DA}.Release|x64.Build.0 = Release|x64
		{B10B7610-435F-4B34-9CC0-4C23FEA8A8DB}.Debug|Win32.ActiveCfg = Debug|Win32
		{B10B7610-435F-4B34-9CC0-4C23FEA8A8DB}.Debug|Win32.Build.0 = Debug|Win32
		{B10B7610-435F-4B34-9CC0-4C23FEA8A8DB}.Debug|x64.ActiveCfg = Debug|x64
		{B10B7610-435F-4B34-9CC0-4C23FEA8A8DB}.Debug|x64.Build.0 = Debug|x64
		{B10B7610-435F-4B34-9CC0-4C23FEA8A8DB}.Release|Win32.ActiveCfg = Release|Win32
		{B10B7610-435F-4B34-9CC0-4C23FEA8A8DB}.Release|Win32.Build.0 = Release|Win32
		{B10B7610-435F-4B34-9CC0-4C23FEA8A8DB}.Release|x64.ActiveCfg = Release|x64
		{B10B7610-435F-4B34-9CC0-4C23FEA8A8DB}.Release|x64.Build.0 = Release|x64
		{22C32C52-A7D5-4DAD-86BA-D45600168126}.Debug|Win32.ActiveCfg = Debug|Win32
		{22C32C52-A7D5-4DAD-86BA-D45600168126}.Debug|Win32.Build.0 = Debug|Win32
		{22C32C52-A7D5-4DAD-86BA-D45600168126}.Debug|x64.ActiveCfg = Debug|x64
		{22C32C52-A7D5-4DAD-86BA-D45600168126}.Debug|x64.Build.0 = Debug|x64
		{22C32C52-A7D5-4DAD-86BA-D45600168126}.Release|Win32.ActiveCfg = Release|Win32
		{22C32C52-A7D5-4DAD-86BA-D45600168126}.Release|Win32.Build.0 = Release|Win32
		{22C32C52-A7D5-4DAD-86BA-D45600168126}.Release|x64.ActiveCfg = Release|x64
		{22C32C52-A7D5-4DAD-86BA-D45600168126}.Release|x64.Build.0 = Release|x64
	EndGlobalSection
	GlobalSection(SolutionProperties) = preSolution
		HideSolutionNode = FALSE
	EndGlobalSection
	GlobalSection(NestedProjects) = preSolution
		{2586F31B-7198-4ACE-A520-DEBA605EA950} = {0E702AAB-2F5B-480C-9032-DFD8B300BCCF}
		{1D14F393-E0B8-4756-AF30-5D598ABC4627} = {0E702AAB-2F5B-480C-9032-DFD8B300BCCF}
		{6C71A57D-396C-4D34-91D1-BB821ACC4FB4} = {0E702AAB-2F5B-480C-9032-DFD8B300BCCF}
		{CE6F83E5-3689-45C4-A6B8-A29222FA9D61} = {0E702AAB-2F5B-480C-9032-DFD8B300BCCF}
		{750848EC-7EC1-4942-B704-5C818BFD78DA} = {0E702AAB-2F5B-480C-9032-DFD8B300BCCF}
		{B10B7610-435F-4B34-9CC0-4C23FEA8A8DB} = {0E702AAB-2F5B-480C-9032-DFD8B300BCCF}
		{22C32C52-A7D5-4DAD-86BA-D45600168126} = {0E702AAB-2F5B-480C-9032-DFD8B300BCCF}
	EndGlobalSection
EndGlobal
